
Microsoft Visual Studio Solution File, Format Version 12.00
# Visual Studio 15
VisualStudioVersion = 15.0.27428.2015
MinimumVisualStudioVersion = 10.0.40219.1
Project("{FAE04EC0-301F-11D3-BF4B-00C04F79EFBC}") = "car-rental-management", "car-rental-management\car-rental-management.csproj", "{A12A5B4A-1873-4B98-90BB-32DAFBA0A935}"
EndProject
Global
	GlobalSection(SolutionConfigurationPlatforms) = preSolution
		Debug|Any CPU = Debug|Any CPU
		Release|Any CPU = Release|Any CPU
	EndGlobalSection
	GlobalSection(ProjectConfigurationPlatforms) = postSolution
		{A12A5B4A-1873-4B98-90BB-32DAFBA0A935}.Debug|Any CPU.ActiveCfg = Debug|Any CPU
		{A12A5B4A-1873-4B98-90BB-32DAFBA0A935}.Debug|Any CPU.Build.0 = Debug|Any CPU
		{A12A5B4A-1873-4B98-90BB-32DAFBA0A935}.Release|Any CPU.ActiveCfg = Release|Any CPU
		{A12A5B4A-1873-4B98-90BB-32DAFBA0A935}.Release|Any CPU.Build.0 = Release|Any CPU
	EndGlobalSection
	GlobalSection(SolutionProperties) = preSolution
		HideSolutionNode = FALSE
	EndGlobalSection
	GlobalSection(ExtensibilityGlobals) = postSolution
		SolutionGuid = {E8910A99-03B0-4183-8763-6FC05C989681}
	EndGlobalSection
EndGlobal
